<?xml version="1.0" encoding="utf-8"?>
<Project ToolsVersion="18.0" xmlns="http://schemas.microsoft.com/developer/msbuild/2003">
  <ItemGroup>
    <ClCompile Include="Helpers\MathFuncs.cpp">
      <Filter>Source\Helpers</Filter>
    </ClCompile>
    <ClCompile Include="Helpers\Sprite2D.cpp">
      <Filter>Source\Helpers</Filter>
    </ClCompile>
    <ClCompile Include="Main.cpp">
      <Filter>Source</Filter>
    </ClCompile>
    <ClCompile Include="Helpers\Drawing.cpp">
      <Filter>Source\Helpers</Filter>
    </ClCompile>
    <ClCompile Include="Game\PlatformerGame.cpp">
      <Filter>Source\Game</Filter>
    </ClCompile>
    <ClCompile Include="Game\Player.cpp">
      <Filter>Source\Game</Filter>
    </ClCompile>
    <ClCompile Include="Game\Ball.cpp">
      <Filter>Source\Game</Filter>
    </ClCompile>
  </ItemGroup>
  <ItemGroup>
    <ClInclude Include="Helpers\InputTypes.h">
      <Filter>Source\Helpers</Filter>
    </ClInclude>
    <ClInclude Include="Helpers\MathFuncs.h">
      <Filter>Source\Helpers</Filter>
    </ClInclude>
    <ClInclude Include="Helpers\Sprite2D.h">
      <Filter>Source\Helpers</Filter>
    </ClInclude>
    <ClInclude Include="Helpers\Vector.h">
      <Filter>Source\Helpers</Filter>
    </ClInclude>
    <ClInclude Include="Helpers\Drawing.h">
      <Filter>Source\Helpers</Filter>
    </ClInclude>
    <ClInclude Include="Game\PlatformerGame.h">
      <Filter>Source\Game</Filter>
    </ClInclude>
    <ClInclude Include="Game\Player.h">
      <Filter>Source\Game</Filter>
    </ClInclude>
    <ClInclude Include="Game\Ball.h">
      <Filter>Source\Game</Filter>
    </ClInclude>
  </ItemGroup>
  <ItemGroup>
    <None Include="..\.gitignore" />
  </ItemGroup>
  <ItemGroup>
    <Filter Include="Source">
      <UniqueIdentifier>{9E6C76E7-6C23-3331-B12C-57C03B21A931}</UniqueIdentifier>
    </Filter>
    <Filter Include="Source\Game">
      <UniqueIdentifier>{0DDBBEE1-C0C1-3D1F-BF62-D7B688478E06}</UniqueIdentifier>
    </Filter>
    <Filter Include="Source\Helpers">
      <UniqueIdentifier>{A5FFF78C-8D46-3FF5-8F32-0ED6115E85C1}</UniqueIdentifier>
    </Filter>
  </ItemGroup>
</Project>